
Microsoft Visual Studio Solution File, Format Version 12.00
# Visual Studio Version 17
VisualStudioVersion = 17.11.35327.3
MinimumVisualStudioVersion = 10.0.40219.1
Project("{FAE04EC0-301F-11D3-BF4B-00C04F79EFBC}") = "WebApi", "WebApi\WebApi.csproj", "{EC123A3E-D07B-447A-A4F4-7D55B94187A7}"
EndProject
Project("{FAE04EC0-301F-11D3-BF4B-00C04F79EFBC}") = "Core", "Core\Core.csproj", "{725BD0B9-F0AC-44A3-9F55-3204C67ADBEB}"
EndProject
Project("{FAE04EC0-301F-11D3-BF4B-00C04F79EFBC}") = "Infrastructure", "Infraestructura\Infrastructure.csproj", "{5ED5202D-7C40-4491-B8F8-DC93B7C1FC3E}"
EndProject
Global
	GlobalSection(SolutionConfigurationPlatforms) = preSolution
		Debug|Any CPU = Debug|Any CPU
		Release|Any CPU = Release|Any CPU
	EndGlobalSection
	GlobalSection(ProjectConfigurationPlatforms) = postSolution
		{EC123A3E-D07B-447A-A4F4-7D55B94187A7}.Debug|Any CPU.ActiveCfg = Debug|Any CPU
		{EC123A3E-D07B-447A-A4F4-7D55B94187A7}.Debug|Any CPU.Build.0 = Debug|Any CPU
		{EC123A3E-D07B-447A-A4F4-7D55B94187A7}.Release|Any CPU.ActiveCfg = Release|Any CPU
		{EC123A3E-D07B-447A-A4F4-7D55B94187A7}.Release|Any CPU.Build.0 = Release|Any CPU
		{725BD0B9-F0AC-44A3-9F55-3204C67ADBEB}.Debug|Any CPU.ActiveCfg = Debug|Any CPU
		{725BD0B9-F0AC-44A3-9F55-3204C67ADBEB}.Debug|Any CPU.Build.0 = Debug|Any CPU
		{725BD0B9-F0AC-44A3-9F55-3204C67ADBEB}.Release|Any CPU.ActiveCfg = Release|Any CPU
		{725BD0B9-F0AC-44A3-9F55-3204C67ADBEB}.Release|Any CPU.Build.0 = Release|Any CPU
		{5ED5202D-7C40-4491-B8F8-DC93B7C1FC3E}.Debug|Any CPU.ActiveCfg = Debug|Any CPU
		{5ED5202D-7C40-4491-B8F8-DC93B7C1FC3E}.Debug|Any CPU.Build.0 = Debug|Any CPU
		{5ED5202D-7C40-4491-B8F8-DC93B7C1FC3E}.Release|Any CPU.ActiveCfg = Release|Any CPU
		{5ED5202D-7C40-4491-B8F8-DC93B7C1FC3E}.Release|Any CPU.Build.0 = Release|Any CPU
	EndGlobalSection
	GlobalSection(SolutionProperties) = preSolution
		HideSolutionNode = FALSE
	EndGlobalSection
	GlobalSection(ExtensibilityGlobals) = postSolution
		SolutionGuid = {B788D2D5-AD40-41FC-AC0C-74D64EC6EBC6}
	EndGlobalSection
EndGlobal
